
Microsoft Visual Studio Solution File, Format Version 12.00
# Visual Studio Version 17
VisualStudioVersion = 17.9.34622.214
MinimumVisualStudioVersion = 10.0.40219.1
Project("{9A19103F-16F7-4668-BE54-9A1E7A4F7556}") = "TodoList", "TodoList\TodoList.csproj", "{54B54EF6-7356-402D-8068-658F6B37B9B5}"
EndProject
Project("{FAE04EC0-301F-11D3-BF4B-00C04F79EFBC}") = "Assignment_calculator", "Assignment_calculator\Assignment_calculator.csproj", "{CDF45D1A-C29B-462B-9922-377D81841CC6}"
EndProject
Global
	GlobalSection(SolutionConfigurationPlatforms) = preSolution
		Debug|Any CPU = Debug|Any CPU
		Release|Any CPU = Release|Any CPU
	EndGlobalSection
	GlobalSection(ProjectConfigurationPlatforms) = postSolution
		{54B54EF6-7356-402D-8068-658F6B37B9B5}.Debug|Any CPU.ActiveCfg = Debug|Any CPU
		{54B54EF6-7356-402D-8068-658F6B37B9B5}.Debug|Any CPU.Build.0 = Debug|Any CPU
		{54B54EF6-7356-402D-8068-658F6B37B9B5}.Release|Any CPU.ActiveCfg = Release|Any CPU
		{54B54EF6-7356-402D-8068-658F6B37B9B5}.Release|Any CPU.Build.0 = Release|Any CPU
		{CDF45D1A-C29B-462B-9922-377D81841CC6}.Debug|Any CPU.ActiveCfg = Debug|Any CPU
		{CDF45D1A-C29B-462B-9922-377D81841CC6}.Debug|Any CPU.Build.0 = Debug|Any CPU
		{CDF45D1A-C29B-462B-9922-377D81841CC6}.Release|Any CPU.ActiveCfg = Release|Any CPU
		{CDF45D1A-C29B-462B-9922-377D81841CC6}.Release|Any CPU.Build.0 = Release|Any CPU
	EndGlobalSection
	GlobalSection(SolutionProperties) = preSolution
		HideSolutionNode = FALSE
	EndGlobalSection
	GlobalSection(ExtensibilityGlobals) = postSolution
		SolutionGuid = {66ED7323-220E-430A-8AFA-8234BCF449DE}
	EndGlobalSection
EndGlobal
